
Microsoft Visual Studio Solution File, Format Version 12.00
# Visual Studio Version 17
VisualStudioVersion = 17.9.34902.65
MinimumVisualStudioVersion = 10.0.40219.1
Project("{FAE04EC0-301F-11D3-BF4B-00C04F79EFBC}") = "WeekSevenJoin", "WeekSevenJoin\WeekSevenJoin.csproj", "{853A3F2A-8664-42E5-B95A-B2618E72F7E8}"
EndProject
Global
	GlobalSection(SolutionConfigurationPlatforms) = preSolution
		Debug|Any CPU = Debug|Any CPU
		Release|Any CPU = Release|Any CPU
	EndGlobalSection
	GlobalSection(ProjectConfigurationPlatforms) = postSolution
		{853A3F2A-8664-42E5-B95A-B2618E72F7E8}.Debug|Any CPU.ActiveCfg = Debug|Any CPU
		{853A3F2A-8664-42E5-B95A-B2618E72F7E8}.Debug|Any CPU.Build.0 = Debug|Any CPU
		{853A3F2A-8664-42E5-B95A-B2618E72F7E8}.Release|Any CPU.ActiveCfg = Release|Any CPU
		{853A3F2A-8664-42E5-B95A-B2618E72F7E8}.Release|Any CPU.Build.0 = Release|Any CPU
	EndGlobalSection
	GlobalSection(SolutionProperties) = preSolution
		HideSolutionNode = FALSE
	EndGlobalSection
	GlobalSection(ExtensibilityGlobals) = postSolution
		SolutionGuid = {2AA65C7A-DB3C-4C5F-A8E3-6A1D086ACD9C}
	EndGlobalSection
EndGlobal
